// !$*UTF8*$!
{
	archiveVersion = 1;
	classes = {
	};
	objectVersion = 48;
	objects = {

/* Begin PBXBuildFile section */
		3B7EBC3E202E3A4F001DCEFF /* AppDelegate.swift in Sources */ = {isa = PBXBuildFile; fileRef = 3B7EBC3D202E3A4F001DCEFF /* AppDelegate.swift */; };
		3B7EBC40202E3A4F001DCEFF /* ViewController.swift in Sources */ = {isa = PBXBuildFile; fileRef = 3B7EBC3F202E3A4F001DCEFF /* ViewController.swift */; };
		3B7EBC43202E3A4F001DCEFF /* Main.storyboard in Resources */ = {isa = PBXBuildFile; fileRef = 3B7EBC41202E3A4F001DCEFF /* Main.storyboard */; };
		3B7EBC45202E3A4F001DCEFF /* Assets.xcassets in Resources */ = {isa = PBXBuildFile; fileRef = 3B7EBC44202E3A4F001DCEFF /* Assets.xcassets */; };
		3B7EBC48202E3A4F001DCEFF /* LaunchScreen.storyboard in Resources */ = {isa = PBXBuildFile; fileRef = 3B7EBC46202E3A4F001DCEFF /* LaunchScreen.storyboard */; };
		3B7EBC51202E3AB7001DCEFF /* CoreDataManager.swift in Sources */ = {isa = PBXBuildFile; fileRef = 3B7EBC50202E3AB7001DCEFF /* CoreDataManager.swift */; };
		3B7EBC57202E3F59001DCEFF /* Weather.xcdatamodeld in Sources */ = {isa = PBXBuildFile; fileRef = 3B7EBC55202E3F59001DCEFF /* Weather.xcdatamodeld */; };
		3B7EBC592031C98D001DCEFF /* UnitSelectorController.swift in Sources */ = {isa = PBXBuildFile; fileRef = 3B7EBC582031C98D001DCEFF /* UnitSelectorController.swift */; };
		3B7EBC5B2031E2D4001DCEFF /* WeatherInfoController.swift in Sources */ = {isa = PBXBuildFile; fileRef = 3B7EBC5A2031E2D4001DCEFF /* WeatherInfoController.swift */; };
		3BC853662031FC37007A5AE4 /* SearchViewController.swift in Sources */ = {isa = PBXBuildFile; fileRef = 3BC853652031FC37007A5AE4 /* SearchViewController.swift */; };
/* End PBXBuildFile section */

/* Begin PBXFileReference section */
		3B7EBC3A202E3A4F001DCEFF /* WeatherApp.app */ = {isa = PBXFileReference; explicitFileType = wrapper.application; includeInIndex = 0; path = WeatherApp.app; sourceTree = BUILT_PRODUCTS_DIR; };
		3B7EBC3D202E3A4F001DCEFF /* AppDelegate.swift */ = {isa = PBXFileReference; lastKnownFileType = sourcecode.swift; path = AppDelegate.swift; sourceTree = "<group>"; };
		3B7EBC3F202E3A4F001DCEFF /* ViewController.swift */ = {isa = PBXFileReference; lastKnownFileType = sourcecode.swift; path = ViewController.swift; sourceTree = "<group>"; };
		3B7EBC42202E3A4F001DCEFF /* Base */ = {isa = PBXFileReference; lastKnownFileType = file.storyboard; name = Base; path = Base.lproj/Main.storyboard; sourceTree = "<group>"; };
		3B7EBC44202E3A4F001DCEFF /* Assets.xcassets */ = {isa = PBXFileReference; lastKnownFileType = folder.assetcatalog; path = Assets.xcassets; sourceTree = "<group>"; };
		3B7EBC47202E3A4F001DCEFF /* Base */ = {isa = PBXFileReference; lastKnownFileType = file.storyboard; name = Base; path = Base.lproj/LaunchScreen.storyboard; sourceTree = "<group>"; };
		3B7EBC49202E3A4F001DCEFF /* Info.plist */ = {isa = PBXFileReference; lastKnownFileType = text.plist.xml; path = Info.plist; sourceTree = "<group>"; };
		3B7EBC50202E3AB7001DCEFF /* CoreDataManager.swift */ = {isa = PBXFileReference; lastKnownFileType = sourcecode.swift; path = CoreDataManager.swift; sourceTree = "<group>"; };
		3B7EBC56202E3F59001DCEFF /* Weather.xcdatamodel */ = {isa = PBXFileReference; lastKnownFileType = wrapper.xcdatamodel; path = Weather.xcdatamodel; sourceTree = "<group>"; };
		3B7EBC582031C98D001DCEFF /* UnitSelectorController.swift */ = {isa = PBXFileReference; lastKnownFileType = sourcecode.swift; path = UnitSelectorController.swift; sourceTree = "<group>"; };
		3B7EBC5A2031E2D4001DCEFF /* WeatherInfoController.swift */ = {isa = PBXFileReference; lastKnownFileType = sourcecode.swift; path = WeatherInfoController.swift; sourceTree = "<group>"; };
		3BC853652031FC37007A5AE4 /* SearchViewController.swift */ = {isa = PBXFileReference; lastKnownFileType = sourcecode.swift; path = SearchViewController.swift; sourceTree = "<group>"; };
/* End PBXFileReference section */

/* Begin PBXFrameworksBuildPhase section */
		3B7EBC37202E3A4F001DCEFF /* Frameworks */ = {
			isa = PBXFrameworksBuildPhase;
			buildActionMask = 2147483647;
			files = (
			);
			runOnlyForDeploymentPostprocessing = 0;
		};
/* End PBXFrameworksBuildPhase section */

/* Begin PBXGroup section */
		3B7EBC31202E3A4F001DCEFF = {
			isa = PBXGroup;
			children = (
				3B7EBC3C202E3A4F001DCEFF /* WeatherApp */,
				3B7EBC3B202E3A4F001DCEFF /* Products */,
			);
			sourceTree = "<group>";
		};
		3B7EBC3B202E3A4F001DCEFF /* Products */ = {
			isa = PBXGroup;
			children = (
				3B7EBC3A202E3A4F001DCEFF /* WeatherApp.app */,
			);
			name = Products;
			sourceTree = "<group>";
		};
		3B7EBC3C202E3A4F001DCEFF /* WeatherApp */ = {
			isa = PBXGroup;
			children = (
				3B7EBC3D202E3A4F001DCEFF /* AppDelegate.swift */,
				3B7EBC582031C98D001DCEFF /* UnitSelectorController.swift */,
				3B7EBC3F202E3A4F001DCEFF /* ViewController.swift */,
				3BC853652031FC37007A5AE4 /* SearchViewController.swift */,
				3B7EBC5A2031E2D4001DCEFF /* WeatherInfoController.swift */,
				3B7EBC41202E3A4F001DCEFF /* Main.storyboard */,
				3B7EBC46202E3A4F001DCEFF /* LaunchScreen.storyboard */,
				3B7EBC4F202E3A90001DCEFF /* CoreData */,
				3B7EBC44202E3A4F001DCEFF /* Assets.xcassets */,
				3B7EBC49202E3A4F001DCEFF /* Info.plist */,
			);
			path = WeatherApp;
			sourceTree = "<group>";
		};
		3B7EBC4F202E3A90001DCEFF /* CoreData */ = {
			isa = PBXGroup;
			children = (
				3B7EBC50202E3AB7001DCEFF /* CoreDataManager.swift */,
				3B7EBC55202E3F59001DCEFF /* Weather.xcdatamodeld */,
			);
			path = CoreData;
			sourceTree = "<group>";
		};
/* End PBXGroup section */

/* Begin PBXNativeTarget section */
		3B7EBC39202E3A4F001DCEFF /* WeatherApp */ = {
			isa = PBXNativeTarget;
			buildConfigurationList = 3B7EBC4C202E3A4F001DCEFF /* Build configuration list for PBXNativeTarget "WeatherApp" */;
			buildPhases = (
				3B7EBC36202E3A4F001DCEFF /* Sources */,
				3B7EBC37202E3A4F001DCEFF /* Frameworks */,
				3B7EBC38202E3A4F001DCEFF /* Resources */,
			);
			buildRules = (
			);
			dependencies = (
			);
			name = WeatherApp;
			productName = WeatherApp;
			productReference = 3B7EBC3A202E3A4F001DCEFF /* WeatherApp.app */;
			productType = "com.apple.product-type.application";
		};
/* End PBXNativeTarget section */

/* Begin PBXProject section */
		3B7EBC32202E3A4F001DCEFF /* Project object */ = {
			isa = PBXProject;
			attributes = {
				LastSwiftUpdateCheck = 0920;
				LastUpgradeCheck = 0920;
				ORGANIZATIONNAME = "Jayant Arora";
				TargetAttributes = {
					3B7EBC39202E3A4F001DCEFF = {
						CreatedOnToolsVersion = 9.2;
						ProvisioningStyle = Automatic;
					};
				};
			};
			buildConfigurationList = 3B7EBC35202E3A4F001DCEFF /* Build configuration list for PBXProject "WeatherApp" */;
			compatibilityVersion = "Xcode 8.0";
			developmentRegion = en;
			hasScannedForEncodings = 0;
			knownRegions = (
				en,
				Base,
			);
			mainGroup = 3B7EBC31202E3A4F001DCEFF;
			productRefGroup = 3B7EBC3B202E3A4F001DCEFF /* Products */;
			projectDirPath = "";
			projectRoot = "";
			targets = (
				3B7EBC39202E3A4F001DCEFF /* WeatherApp */,
			);
		};
/* End PBXProject section */

/* Begin PBXResourcesBuildPhase section */
		3B7EBC38202E3A4F001DCEFF /* Resources */ = {
			isa = PBXResourcesBuildPhase;
			buildActionMask = 2147483647;
			files = (
				3B7EBC48202E3A4F001DCEFF /* LaunchScreen.storyboard in Resources */,
				3B7EBC45202E3A4F001DCEFF /* Assets.xcassets in Resources */,
				3B7EBC43202E3A4F001DCEFF /* Main.storyboard in Resources */,
			);
			runOnlyForDeploymentPostprocessing = 0;
		};
/* End PBXResourcesBuildPhase section */

/* Begin PBXSourcesBuildPhase section */
		3B7EBC36202E3A4F001DCEFF /* Sources */ = {
			isa = PBXSourcesBuildPhase;
			buildActionMask = 2147483647;
			files = (
				3B7EBC57202E3F59001DCEFF /* Weather.xcdatamodeld in Sources */,
				3BC853662031FC37007A5AE4 /* SearchViewController.swift in Sources */,
				3B7EBC51202E3AB7001DCEFF /* CoreDataManager.swift in Sources */,
				3B7EBC592031C98D001DCEFF /* UnitSelectorController.swift in Sources */,
				3B7EBC40202E3A4F001DCEFF /* ViewController.swift in Sources */,
				3B7EBC5B2031E2D4001DCEFF /* WeatherInfoController.swift in Sources */,
				3B7EBC3E202E3A4F001DCEFF /* AppDelegate.swift in Sources */,
			);
			runOnlyForDeploymentPostprocessing = 0;
		};
/* End PBXSourcesBuildPhase section */

/* Begin PBXVariantGroup section */
		3B7EBC41202E3A4F001DCEFF /* Main.storyboard */ = {
			isa = PBXVariantGroup;
			children = (
				3B7EBC42202E3A4F001DCEFF /* Base */,
			);
			name = Main.storyboard;
			sourceTree = "<group>";
		};
		3B7EBC46202E3A4F001DCEFF /* LaunchScreen.storyboard */ = {
			isa = PBXVariantGroup;
			children = (
				3B7EBC47202E3A4F001DCEFF /* Base */,
			);
			name = LaunchScreen.storyboard;
			sourceTree = "<group>";
		};
/* End PBXVariantGroup section */

/* Begin XCBuildConfiguration section */
		3B7EBC4A202E3A4F001DCEFF /* Debug */ = {
			isa = XCBuildConfiguration;
			buildSettings = {
				ALWAYS_SEARCH_USER_PATHS = NO;
				CLANG_ANALYZER_NONNULL = YES;
				CLANG_ANALYZER_NUMBER_OBJECT_CONVERSION = YES_AGGRESSIVE;
				CLANG_CXX_LANGUAGE_STANDARD = "gnu++14";
				CLANG_CXX_LIBRARY = "libc++";
				CLANG_ENABLE_MODULES = YES;
				CLANG_ENABLE_OBJC_ARC = YES;
				CLANG_WARN_BLOCK_CAPTURE_AUTORELEASING = YES;
				CLANG_WARN_BOOL_CONVERSION = YES;
				CLANG_WARN_COMMA = YES;
				CLANG_WARN_CONSTANT_CONVERSION = YES;
				CLANG_WARN_DIRECT_OBJC_ISA_USAGE = YES_ERROR;
				CLANG_WARN_DOCUMENTATION_COMMENTS = YES;
				CLANG_WARN_EMPTY_BODY = YES;
				CLANG_WARN_ENUM_CONVERSION = YES;
				CLANG_WARN_INFINITE_RECURSION = YES;
				CLANG_WARN_INT_CONVERSION = YES;
				CLANG_WARN_NON_LITERAL_NULL_CONVERSION = YES;
				CLANG_WARN_OBJC_LITERAL_CONVERSION = YES;
				CLANG_WARN_OBJC_ROOT_CLASS = YES_ERROR;
				CLANG_WARN_RANGE_LOOP_ANALYSIS = YES;
				CLANG_WARN_STRICT_PROTOTYPES = YES;
				CLANG_WARN_SUSPICIOUS_MOVE = YES;
				CLANG_WARN_UNGUARDED_AVAILABILITY = YES_AGGRESSIVE;
				CLANG_WARN_UNREACHABLE_CODE = YES;
				CLANG_WARN__DUPLICATE_METHOD_MATCH = YES;
				CODE_SIGN_IDENTITY = "iPhone Developer";
				COPY_PHASE_STRIP = NO;
				DEBUG_INFORMATION_FORMAT = dwarf;
				ENABLE_STRICT_OBJC_MSGSEND = YES;
				ENABLE_TESTABILITY = YES;
				GCC_C_LANGUAGE_STANDARD = gnu11;
				GCC_DYNAMIC_NO_PIC = NO;
				GCC_NO_COMMON_BLOCKS = YES;
				GCC_OPTIMIZATION_LEVEL = 0;
				GCC_PREPROCESSOR_DEFINITIONS = (
					"DEBUG=1",
					"$(inherited)",
				);
				GCC_WARN_64_TO_32_BIT_CONVERSION = YES;
				GCC_WARN_ABOUT_RETURN_TYPE = YES_ERROR;
				GCC_WARN_UNDECLARED_SELECTOR = YES;
				GCC_WARN_UNINITIALIZED_AUTOS = YES_AGGRESSIVE;
				GCC_WARN_UNUSED_FUNCTION = YES;
				GCC_WARN_UNUSED_VARIABLE = YES;
				IPHONEOS_DEPLOYMENT_TARGET = 11.2;
				MTL_ENABLE_DEBUG_INFO = YES;
				ONLY_ACTIVE_ARCH = YES;
				SDKROOT = iphoneos;
				SWIFT_ACTIVE_COMPILATION_CONDITIONS = DEBUG;
				SWIFT_OPTIMIZATION_LEVEL = "-Onone";
			};
			name = Debug;
		};
		3B7EBC4B202E3A4F001DCEFF /* Release */ = {
			isa = XCBuildConfiguration;
			buildSettings = {
				ALWAYS_SEARCH_USER_PATHS = NO;
				CLANG_ANALYZER_NONNULL = YES;
				CLANG_ANALYZER_NUMBER_OBJECT_CONVERSION = YES_AGGRESSIVE;
				CLANG_CXX_LANGUAGE_STANDARD = "gnu++14";
				CLANG_CXX_LIBRARY = "libc++";
				CLANG_ENABLE_MODULES = YES;
				CLANG_ENABLE_OBJC_ARC = YES;
				CLANG_WARN_BLOCK_CAPTURE_AUTORELEASING = YES;
				CLANG_WARN_BOOL_CONVERSION = YES;
				CLANG_WARN_COMMA = YES;
				CLANG_WARN_CONSTANT_CONVERSION = YES;
				CLANG_WARN_DIRECT_OBJC_ISA_USAGE = YES_ERROR;
				CLANG_WARN_DOCUMENTATION_COMMENTS = YES;
				CLANG_WARN_EMPTY_BODY = YES;
				CLANG_WARN_ENUM_CONVERSION = YES;
				CLANG_WARN_INFINITE_RECURSION = YES;
				CLANG_WARN_INT_CONVERSION = YES;
				CLANG_WARN_NON_LITERAL_NULL_CONVERSION = YES;
				CLANG_WARN_OBJC_LITERAL_CONVERSION = YES;
				CLANG_WARN_OBJC_ROOT_CLASS = YES_ERROR;
				CLANG_WARN_RANGE_LOOP_ANALYSIS = YES;
				CLANG_WARN_STRICT_PROTOTYPES = YES;
				CLANG_WARN_SUSPICIOUS_MOVE = YES;
				CLANG_WARN_UNGUARDED_AVAILABILITY = YES_AGGRESSIVE;
				CLANG_WARN_UNREACHABLE_CODE = YES;
				CLANG_WARN__DUPLICATE_METHOD_MATCH = YES;
				CODE_SIGN_IDENTITY = "iPhone Developer";
				COPY_PHASE_STRIP = NO;
				DEBUG_INFORMATION_FORMAT = "dwarf-with-dsym";
				ENABLE_NS_ASSERTIONS = NO;
				ENABLE_STRICT_OBJC_MSGSEND = YES;
				GCC_C_LANGUAGE_STANDARD = gnu11;
				GCC_NO_COMMON_BLOCKS = YES;
				GCC_WARN_64_TO_32_BIT_CONVERSION = YES;
				GCC_WARN_ABOUT_RETURN_TYPE = YES_ERROR;
				GCC_WARN_UNDECLARED_SELECTOR = YES;
				GCC_WARN_UNINITIALIZED_AUTOS = YES_AGGRESSIVE;
				GCC_WARN_UNUSED_FUNCTION = YES;
				GCC_WARN_UNUSED_VARIABLE = YES;
				IPHONEOS_DEPLOYMENT_TARGET = 11.2;
				MTL_ENABLE_DEBUG_INFO = NO;
				SDKROOT = iphoneos;
				SWIFT_OPTIMIZATION_LEVEL = "-Owholemodule";
				VALIDATE_PRODUCT = YES;
			};
			name = Release;
		};
		3B7EBC4D202E3A4F001DCEFF /* Debug */ = {
			isa = XCBuildConfiguration;
			buildSettings = {
				ASSETCATALOG_COMPILER_APPICON_NAME = AppIcon;
				CODE_SIGN_STYLE = Automatic;
				INFOPLIST_FILE = WeatherApp/Info.plist;
				LD_RUNPATH_SEARCH_PATHS = "$(inherited) @executable_path/Frameworks";
				PRODUCT_BUNDLE_IDENTIFIER = com.vtinfo.jayant.arora.WeatherApp;
				PRODUCT_NAME = "$(TARGET_NAME)";
				SWIFT_VERSION = 4.0;
				TARGETED_DEVICE_FAMILY = "1,2";
			};
			name = Debug;
		};
		3B7EBC4E202E3A4F001DCEFF /* Release */ = {
			isa = XCBuildConfiguration;
			buildSettings = {
				ASSETCATALOG_COMPILER_APPICON_NAME = AppIcon;
				CODE_SIGN_STYLE = Automatic;
				INFOPLIST_FILE = WeatherApp/Info.plist;
				LD_RUNPATH_SEARCH_PATHS = "$(inherited) @executable_path/Frameworks";
				PRODUCT_BUNDLE_IDENTIFIER = com.vtinfo.jayant.arora.WeatherApp;
				PRODUCT_NAME = "$(TARGET_NAME)";
				SWIFT_VERSION = 4.0;
				TARGETED_DEVICE_FAMILY = "1,2";
			};
			name = Release;
		};
/* End XCBuildConfiguration section */

/* Begin XCConfigurationList section */
		3B7EBC35202E3A4F001DCEFF /* Build configuration list for PBXProject "WeatherApp" */ = {
			isa = XCConfigurationList;
			buildConfigurations = (
				3B7EBC4A202E3A4F001DCEFF /* Debug */,
				3B7EBC4B202E3A4F001DCEFF /* Release */,
			);
			defaultConfigurationIsVisible = 0;
			defaultConfigurationName = Release;
		};
		3B7EBC4C202E3A4F001DCEFF /* Build configuration list for PBXNativeTarget "WeatherApp" */ = {
			isa = XCConfigurationList;
			buildConfigurations = (
				3B7EBC4D202E3A4F001DCEFF /* Debug */,
				3B7EBC4E202E3A4F001DCEFF /* Release */,
			);
			defaultConfigurationIsVisible = 0;
			defaultConfigurationName = Release;
		};
/* End XCConfigurationList section */

/* Begin XCVersionGroup section */
		3B7EBC55202E3F59001DCEFF /* Weather.xcdatamodeld */ = {
			isa = XCVersionGroup;
			children = (
				3B7EBC56202E3F59001DCEFF /* Weather.xcdatamodel */,
			);
			currentVersion = 3B7EBC56202E3F59001DCEFF /* Weather.xcdatamodel */;
			path = Weather.xcdatamodeld;
			sourceTree = "<group>";
			versionGroupType = wrapper.xcdatamodel;
		};
/* End XCVersionGroup section */
	};
	rootObject = 3B7EBC32202E3A4F001DCEFF /* Project object */;
}
